# THIS IS AN AUTOGENERATED FILE. DO NOT EDIT THIS FILE DIRECTLY.
# yarn lockfile v1


"@types/debug@^4.1.0":
  version "4.1.7"
  resolved "https://registry.nlark.com/@types/debug/download/@types/debug-4.1.7.tgz?cache=0&sync_timestamp=1629707134396&other_urls=https%3A%2F%2Fregistry.nlark.com%2F%40types%2Fdebug%2Fdownload%2F%40types%2Fdebug-4.1.7.tgz#7cc0ea761509124709b8b2d1090d8f6c17aadb82"
  integrity sha1-fMDqdhUJEkcJuLLRCQ2PbBeq24I=
  dependencies:
    "@types/ms" "*"

"@types/ms@*":
  version "0.7.31"
  resolved "https://registry.nlark.com/@types/ms/download/@types/ms-0.7.31.tgz?cache=0&sync_timestamp=1629708397505&other_urls=https%3A%2F%2Fregistry.nlark.com%2F%40types%2Fms%2Fdownload%2F%40types%2Fms-0.7.31.tgz#31b7ca6407128a3d2bbc27fe2d21b345397f6197"
  integrity sha1-MbfKZAcSij0rvCf+LSGzRTl/YZc=

"@types/node@*":
  version "16.10.2"
  resolved "https://registry.npmmirror.com/@types/node/download/@types/node-16.10.2.tgz#5764ca9aa94470adb4e1185fe2e9f19458992b2e"
  integrity sha1-V2TKmqlEcK204Rhf4unxlFiZKy4=

"@types/puppeteer@*":
  version "5.4.4"
  resolved "https://registry.nlark.com/@types/puppeteer/download/@types/puppeteer-5.4.4.tgz?cache=0&sync_timestamp=1629708973656&other_urls=https%3A%2F%2Fregistry.nlark.com%2F%40types%2Fpuppeteer%2Fdownload%2F%40types%2Fpuppeteer-5.4.4.tgz#e92abeccc4f46207c3e1b38934a1246be080ccd0"
  integrity sha1-6Sq+zMT0YgfD4bOJNKEka+CAzNA=
  dependencies:
    "@types/node" "*"

"@types/yauzl@^2.9.1":
  version "2.9.2"
  resolved "https://registry.nlark.com/@types/yauzl/download/@types/yauzl-2.9.2.tgz#c48e5d56aff1444409e39fa164b0b4d4552a7b7a"
  integrity sha1-xI5dVq/xREQJ45+hZLC01FUqe3o=
  dependencies:
    "@types/node" "*"

agent-base@6:
  version "6.0.2"
  resolved "https://registry.nlark.com/agent-base/download/agent-base-6.0.2.tgz#49fff58577cfee3f37176feab4c22e00f86d7f77"
  integrity sha1-Sf/1hXfP7j83F2/qtMIuAPhtf3c=
  dependencies:
    debug "4"

arr-union@^3.1.0:
  version "3.1.0"
  resolved "https://registry.nlark.com/arr-union/download/arr-union-3.1.0.tgz#e39b09aea9def866a8f206e288af63919bae39c4"
  integrity sha1-45sJrqne+Gao8gbiiK9jkZuuOcQ=

balanced-match@^1.0.0:
  version "1.0.2"
  resolved "https://registry.npm.taobao.org/balanced-match/download/balanced-match-1.0.2.tgz?cache=0&sync_timestamp=1617714233441&other_urls=https%3A%2F%2Fregistry.npm.taobao.org%2Fbalanced-match%2Fdownload%2Fbalanced-match-1.0.2.tgz#e83e3a7e3f300b34cb9d87f615fa0cbf357690ee"
  integrity sha1-6D46fj8wCzTLnYf2FfoMvzV2kO4=

base64-js@^1.3.1:
  version "1.5.1"
  resolved "https://registry.nlark.com/base64-js/download/base64-js-1.5.1.tgz#1b1b440160a5bf7ad40b650f095963481903930a"
  integrity sha1-GxtEAWClv3rUC2UPCVljSBkDkwo=

bl@^4.0.3:
  version "4.1.0"
  resolved "https://registry.nlark.com/bl/download/bl-4.1.0.tgz#451535264182bec2fbbc83a62ab98cf11d9f7b3a"
  integrity sha1-RRU1JkGCvsL7vIOmKrmM8R2fezo=
  dependencies:
    buffer "^5.5.0"
    inherits "^2.0.4"
    readable-stream "^3.4.0"

brace-expansion@^1.1.7:
  version "1.1.11"
  resolved "https://registry.nlark.com/brace-expansion/download/brace-expansion-1.1.11.tgz#3c7fcbf529d87226f3d2f52b966ff5271eb441dd"
  integrity sha1-PH/L9SnYcibz0vUrlm/1Jx60Qd0=
  dependencies:
    balanced-match "^1.0.0"
    concat-map "0.0.1"

buffer-crc32@~0.2.3:
  version "0.2.13"
  resolved "https://registry.npm.taobao.org/buffer-crc32/download/buffer-crc32-0.2.13.tgz#0d333e3f00eac50aa1454abd30ef8c2a5d9a7242"
  integrity sha1-DTM+PwDqxQqhRUq9MO+MKl2ackI=

buffer@^5.2.1, buffer@^5.5.0:
  version "5.7.1"
  resolved "https://registry.nlark.com/buffer/download/buffer-5.7.1.tgz#ba62e7c13133053582197160851a8f648e99eed0"
  integrity sha1-umLnwTEzBTWCGXFghRqPZI6Z7tA=
  dependencies:
    base64-js "^1.3.1"
    ieee754 "^1.1.13"

chownr@^1.1.1:
  version "1.1.4"
  resolved "https://registry.nlark.com/chownr/download/chownr-1.1.4.tgz#6fc9d7b42d32a583596337666e7d08084da2cc6b"
  integrity sha1-b8nXtC0ypYNZYzdmbn0ICE2izGs=

clone-deep@^0.2.4:
  version "0.2.4"
  resolved "https://registry.nlark.com/clone-deep/download/clone-deep-0.2.4.tgz#4e73dd09e9fb971cc38670c5dced9c1896481cc6"
  integrity sha1-TnPdCen7lxzDhnDF3O2cGJZIHMY=
  dependencies:
    for-own "^0.1.3"
    is-plain-object "^2.0.1"
    kind-of "^3.0.2"
    lazy-cache "^1.0.3"
    shallow-clone "^0.1.2"

concat-map@0.0.1:
  version "0.0.1"
  resolved "https://registry.npm.taobao.org/concat-map/download/concat-map-0.0.1.tgz#d8a96bd77fd68df7793a73036a3ba0d5405d477b"
  integrity sha1-2Klr13/Wjfd5OnMDajug1UBdR3s=

debug@4, debug@^4.1.1:
  version "4.3.2"
  resolved "https://registry.nlark.com/debug/download/debug-4.3.2.tgz?cache=0&sync_timestamp=1625374648057&other_urls=https%3A%2F%2Fregistry.nlark.com%2Fdebug%2Fdownload%2Fdebug-4.3.2.tgz#f0a49c18ac8779e31d4a0c6029dfb76873c7428b"
  integrity sha1-8KScGKyHeeMdSgxgKd+3aHPHQos=
  dependencies:
    ms "2.1.2"

debug@4.3.1:
  version "4.3.1"
  resolved "https://registry.nlark.com/debug/download/debug-4.3.1.tgz?cache=0&sync_timestamp=1625374648057&other_urls=https%3A%2F%2Fregistry.nlark.com%2Fdebug%2Fdownload%2Fdebug-4.3.1.tgz#f0d229c505e0c6d8c49ac553d1b13dc183f6b2ee"
  integrity sha1-8NIpxQXgxtjEmsVT0bE9wYP2su4=
  dependencies:
    ms "2.1.2"

deepmerge@^4.2.2:
  version "4.2.2"
  resolved "https://registry.nlark.com/deepmerge/download/deepmerge-4.2.2.tgz#44d2ea3679b8f4d4ffba33f03d865fc1e7bf4955"
  integrity sha1-RNLqNnm49NT/ujPwPYZfwee/SVU=

devtools-protocol@0.0.901419:
  version "0.0.901419"
  resolved "https://registry.npmmirror.com/devtools-protocol/download/devtools-protocol-0.0.901419.tgz?cache=0&sync_timestamp=1633065503699&other_urls=https%3A%2F%2Fregistry.npmmirror.com%2Fdevtools-protocol%2Fdownload%2Fdevtools-protocol-0.0.901419.tgz#79b5459c48fe7e1c5563c02bd72f8fec3e0cebcd"
  integrity sha1-ebVFnEj+fhxVY8Ar1y+P7D4M680=

end-of-stream@^1.1.0, end-of-stream@^1.4.1:
  version "1.4.4"
  resolved "https://registry.nlark.com/end-of-stream/download/end-of-stream-1.4.4.tgz#5ae64a5f45057baf3626ec14da0ca5e4b2431eb0"
  integrity sha1-WuZKX0UFe682JuwU2gyl5LJDHrA=
  dependencies:
    once "^1.4.0"

extract-zip@2.0.1:
  version "2.0.1"
  resolved "https://registry.nlark.com/extract-zip/download/extract-zip-2.0.1.tgz#663dca56fe46df890d5f131ef4a06d22bb8ba13a"
  integrity sha1-Zj3KVv5G34kNXxMe9KBtIruLoTo=
  dependencies:
    debug "^4.1.1"
    get-stream "^5.1.0"
    yauzl "^2.10.0"
  optionalDependencies:
    "@types/yauzl" "^2.9.1"

fd-slicer@~1.1.0:
  version "1.1.0"
  resolved "https://registry.npm.taobao.org/fd-slicer/download/fd-slicer-1.1.0.tgz#25c7c89cb1f9077f8891bbe61d8f390eae256f1e"
  integrity sha1-JcfInLH5B3+IkbvmHY85Dq4lbx4=
  dependencies:
    pend "~1.2.0"

find-up@^4.0.0:
  version "4.1.0"
  resolved "https://registry.npmmirror.com/find-up/download/find-up-4.1.0.tgz?cache=0&sync_timestamp=1632654190539&other_urls=https%3A%2F%2Fregistry.npmmirror.com%2Ffind-up%2Fdownload%2Ffind-up-4.1.0.tgz#97afe7d6cdc0bc5928584b7c8d7b16e8a9aa5d19"
  integrity sha1-l6/n1s3AvFkoWEt8jXsW6KmqXRk=
  dependencies:
    locate-path "^5.0.0"
    path-exists "^4.0.0"

for-in@^0.1.3:
  version "0.1.8"
  resolved "https://registry.nlark.com/for-in/download/for-in-0.1.8.tgz#d8773908e31256109952b1fdb9b3fa867d2775e1"
  integrity sha1-2Hc5COMSVhCZUrH9ubP6hn0ndeE=

for-in@^1.0.1:
  version "1.0.2"
  resolved "https://registry.nlark.com/for-in/download/for-in-1.0.2.tgz#81068d295a8142ec0ac726c6e2200c30fb6d5e80"
  integrity sha1-gQaNKVqBQuwKxybG4iAMMPttXoA=

for-own@^0.1.3:
  version "0.1.5"
  resolved "https://registry.nlark.com/for-own/download/for-own-0.1.5.tgz#5265c681a4f294dabbf17c9509b6763aa84510ce"
  integrity sha1-UmXGgaTylNq78XyVCbZ2OqhFEM4=
  dependencies:
    for-in "^1.0.1"

fs-constants@^1.0.0:
  version "1.0.0"
  resolved "https://registry.npm.taobao.org/fs-constants/download/fs-constants-1.0.0.tgz#6be0de9be998ce16af8afc24497b9ee9b7ccd9ad"
  integrity sha1-a+Dem+mYzhavivwkSXue6bfM2a0=

fs-extra@^10.0.0:
  version "10.0.0"
  resolved "https://registry.nlark.com/fs-extra/download/fs-extra-10.0.0.tgz#9ff61b655dde53fb34a82df84bb214ce802e17c1"
  integrity sha1-n/YbZV3eU/s0qC34S7IUzoAuF8E=
  dependencies:
    graceful-fs "^4.2.0"
    jsonfile "^6.0.1"
    universalify "^2.0.0"

fs.realpath@^1.0.0:
  version "1.0.0"
  resolved "https://registry.nlark.com/fs.realpath/download/fs.realpath-1.0.0.tgz#1504ad2523158caa40db4a2787cb01411994ea4f"
  integrity sha1-FQStJSMVjKpA20onh8sBQRmU6k8=

get-stream@^5.1.0:
  version "5.2.0"
  resolved "https://registry.npm.taobao.org/get-stream/download/get-stream-5.2.0.tgz#4966a1795ee5ace65e706c4b7beb71257d6e22d3"
  integrity sha1-SWaheV7lrOZecGxLe+txJX1uItM=
  dependencies:
    pump "^3.0.0"

glob@^7.1.3:
  version "7.2.0"
  resolved "https://registry.npmmirror.com/glob/download/glob-7.2.0.tgz?cache=0&other_urls=https%3A%2F%2Fregistry.npmmirror.com%2Fglob%2Fdownload%2Fglob-7.2.0.tgz#d15535af7732e02e948f4c41628bd910293f6023"
  integrity sha1-0VU1r3cy4C6Uj0xBYovZECk/YCM=
  dependencies:
    fs.realpath "^1.0.0"
    inflight "^1.0.4"
    inherits "2"
    minimatch "^3.0.4"
    once "^1.3.0"
    path-is-absolute "^1.0.0"

graceful-fs@^4.1.6, graceful-fs@^4.2.0:
  version "4.2.8"
  resolved "https://registry.nlark.com/graceful-fs/download/graceful-fs-4.2.8.tgz#e412b8d33f5e006593cbd3cee6df9f2cebbe802a"
  integrity sha1-5BK40z9eAGWTy9PO5t+fLOu+gCo=

https-proxy-agent@5.0.0:
  version "5.0.0"
  resolved "https://registry.nlark.com/https-proxy-agent/download/https-proxy-agent-5.0.0.tgz#e2a90542abb68a762e0a0850f6c9edadfd8506b2"
  integrity sha1-4qkFQqu2inYuCghQ9sntrf2FBrI=
  dependencies:
    agent-base "6"
    debug "4"

ieee754@^1.1.13:
  version "1.2.1"
  resolved "https://registry.nlark.com/ieee754/download/ieee754-1.2.1.tgz#8eb7a10a63fff25d15a57b001586d177d1b0d352"
  integrity sha1-jrehCmP/8l0VpXsAFYbRd9Gw01I=

inflight@^1.0.4:
  version "1.0.6"
  resolved "https://registry.npm.taobao.org/inflight/download/inflight-1.0.6.tgz#49bd6331d7d02d0c09bc910a1075ba8165b56df9"
  integrity sha1-Sb1jMdfQLQwJvJEKEHW6gWW1bfk=
  dependencies:
    once "^1.3.0"
    wrappy "1"

inherits@2, inherits@^2.0.3, inherits@^2.0.4:
  version "2.0.4"
  resolved "https://registry.nlark.com/inherits/download/inherits-2.0.4.tgz#0fa2c64f932917c3433a0ded55363aae37416b7c"
  integrity sha1-D6LGT5MpF8NDOg3tVTY6rjdBa3w=

is-buffer@^1.0.2, is-buffer@^1.1.5:
  version "1.1.6"
  resolved "https://registry.npm.taobao.org/is-buffer/download/is-buffer-1.1.6.tgz?cache=0&sync_timestamp=1604432327227&other_urls=https%3A%2F%2Fregistry.npm.taobao.org%2Fis-buffer%2Fdownload%2Fis-buffer-1.1.6.tgz#efaa2ea9daa0d7ab2ea13a97b2b8ad51fefbe8be"
  integrity sha1-76ouqdqg16suoTqXsritUf776L4=

is-extendable@^0.1.1:
  version "0.1.1"
  resolved "https://registry.npm.taobao.org/is-extendable/download/is-extendable-0.1.1.tgz#62b110e289a471418e3ec36a617d472e301dfc89"
  integrity sha1-YrEQ4omkcUGOPsNqYX1HLjAd/Ik=

is-plain-object@^2.0.1:
  version "2.0.4"
  resolved "https://registry.nlark.com/is-plain-object/download/is-plain-object-2.0.4.tgz#2c163b3fafb1b606d9d17928f05c2a1c38e07677"
  integrity sha1-LBY7P6+xtgbZ0Xko8FwqHDjgdnc=
  dependencies:
    isobject "^3.0.1"

isobject@^3.0.1:
  version "3.0.1"
  resolved "https://registry.nlark.com/isobject/download/isobject-3.0.1.tgz#4e431e92b11a9731636aa1f9c8d1ccbcfdab78df"
  integrity sha1-TkMekrEalzFjaqH5yNHMvP2reN8=

jsonfile@^6.0.1:
  version "6.1.0"
  resolved "https://registry.nlark.com/jsonfile/download/jsonfile-6.1.0.tgz?cache=0&sync_timestamp=1618846895804&other_urls=https%3A%2F%2Fregistry.nlark.com%2Fjsonfile%2Fdownload%2Fjsonfile-6.1.0.tgz#bc55b2634793c679ec6403094eb13698a6ec0aae"
  integrity sha1-vFWyY0eTxnnsZAMJTrE2mKbsCq4=
  dependencies:
    universalify "^2.0.0"
  optionalDependencies:
    graceful-fs "^4.1.6"

kind-of@^2.0.1:
  version "2.0.1"
  resolved "https://registry.npm.taobao.org/kind-of/download/kind-of-2.0.1.tgz#018ec7a4ce7e3a86cb9141be519d24c8faa981b5"
  integrity sha1-AY7HpM5+OobLkUG+UZ0kyPqpgbU=
  dependencies:
    is-buffer "^1.0.2"

kind-of@^3.0.2:
  version "3.2.2"
  resolved "https://registry.npm.taobao.org/kind-of/download/kind-of-3.2.2.tgz#31ea21a734bab9bbb0f32466d893aea51e4a3c64"
  integrity sha1-MeohpzS6ubuw8yRm2JOupR5KPGQ=
  dependencies:
    is-buffer "^1.1.5"

lazy-cache@^0.2.3:
  version "0.2.7"
  resolved "https://registry.nlark.com/lazy-cache/download/lazy-cache-0.2.7.tgz#7feddf2dcb6edb77d11ef1d117ab5ffdf0ab1b65"
  integrity sha1-f+3fLctu23fRHvHRF6tf/fCrG2U=

lazy-cache@^1.0.3:
  version "1.0.4"
  resolved "https://registry.nlark.com/lazy-cache/download/lazy-cache-1.0.4.tgz#a1d78fc3a50474cb80845d3b3b6e1da49a446e8e"
  integrity sha1-odePw6UEdMuAhF07O24dpJpEbo4=

locate-path@^5.0.0:
  version "5.0.0"
  resolved "https://registry.nlark.com/locate-path/download/locate-path-5.0.0.tgz#1afba396afd676a6d42504d0a67a3a7eb9f62aa0"
  integrity sha1-Gvujlq/WdqbUJQTQpno6frn2KqA=
  dependencies:
    p-locate "^4.1.0"

merge-deep@^3.0.1:
  version "3.0.3"
  resolved "https://registry.npm.taobao.org/merge-deep/download/merge-deep-3.0.3.tgz?cache=0&sync_timestamp=1610379619686&other_urls=https%3A%2F%2Fregistry.npm.taobao.org%2Fmerge-deep%2Fdownload%2Fmerge-deep-3.0.3.tgz#1a2b2ae926da8b2ae93a0ac15d90cd1922766003"
  integrity sha1-Gisq6SbaiyrpOgrBXZDNGSJ2YAM=
  dependencies:
    arr-union "^3.1.0"
    clone-deep "^0.2.4"
    kind-of "^3.0.2"

minimatch@^3.0.4:
  version "3.0.4"
  resolved "https://registry.npm.taobao.org/minimatch/download/minimatch-3.0.4.tgz#5166e286457f03306064be5497e8dbb0c3d32083"
  integrity sha1-UWbihkV/AzBgZL5Ul+jbsMPTIIM=
  dependencies:
    brace-expansion "^1.1.7"

minimist@^1.2.5:
  version "1.2.5"
  resolved "https://registry.npm.taobao.org/minimist/download/minimist-1.2.5.tgz#67d66014b66a6a8aaa0c083c5fd58df4e4e97602"
  integrity sha1-Z9ZgFLZqaoqqDAg8X9WN9OTpdgI=

mixin-object@^2.0.1:
  version "2.0.1"
  resolved "https://registry.nlark.com/mixin-object/download/mixin-object-2.0.1.tgz#4fb949441dab182540f1fe035ba60e1947a5e57e"
  integrity sha1-T7lJRB2rGCVA8f4DW6YOGUel5X4=
  dependencies:
    for-in "^0.1.3"
    is-extendable "^0.1.1"

mkdirp@^0.5.1:
  version "0.5.5"
  resolved "https://registry.npm.taobao.org/mkdirp/download/mkdirp-0.5.5.tgz#d91cefd62d1436ca0f41620e251288d420099def"
  integrity sha1-2Rzv1i0UNsoPQWIOJRKI1CAJne8=
  dependencies:
    minimist "^1.2.5"

ms@2.1.2:
  version "2.1.2"
  resolved "https://registry.npmmirror.com/ms/download/ms-2.1.2.tgz#d09d1f357b443f493382a8eb3ccd183872ae6009"
  integrity sha1-0J0fNXtEP0kzgqjrPM0YOHKuYAk=

node-fetch@2.6.1:
  version "2.6.1"
  resolved "https://registry.npmmirror.com/node-fetch/download/node-fetch-2.6.1.tgz?cache=0&sync_timestamp=1632315355618&other_urls=https%3A%2F%2Fregistry.npmmirror.com%2Fnode-fetch%2Fdownload%2Fnode-fetch-2.6.1.tgz#045bd323631f76ed2e2b55573394416b639a0052"
  integrity sha1-BFvTI2Mfdu0uK1VXM5RBa2OaAFI=

once@^1.3.0, once@^1.3.1, once@^1.4.0:
  version "1.4.0"
  resolved "https://registry.nlark.com/once/download/once-1.4.0.tgz#583b1aa775961d4b113ac17d9c50baef9dd76bd1"
  integrity sha1-WDsap3WWHUsROsF9nFC6753Xa9E=
  dependencies:
    wrappy "1"

p-limit@^2.2.0:
  version "2.3.0"
  resolved "https://registry.nlark.com/p-limit/download/p-limit-2.3.0.tgz#3dd33c647a214fdfffd835933eb086da0dc21db1"
  integrity sha1-PdM8ZHohT9//2DWTPrCG2g3CHbE=
  dependencies:
    p-try "^2.0.0"

p-locate@^4.1.0:
  version "4.1.0"
  resolved "https://registry.nlark.com/p-locate/download/p-locate-4.1.0.tgz?cache=0&sync_timestamp=1629892721671&other_urls=https%3A%2F%2Fregistry.nlark.com%2Fp-locate%2Fdownload%2Fp-locate-4.1.0.tgz#a3428bb7088b3a60292f66919278b7c297ad4f07"
  integrity sha1-o0KLtwiLOmApL2aRkni3wpetTwc=
  dependencies:
    p-limit "^2.2.0"

p-try@^2.0.0:
  version "2.2.0"
  resolved "https://registry.nlark.com/p-try/download/p-try-2.2.0.tgz#cb2868540e313d61de58fafbe35ce9004d5540e6"
  integrity sha1-yyhoVA4xPWHeWPr741zpAE1VQOY=

path-exists@^4.0.0:
  version "4.0.0"
  resolved "https://registry.nlark.com/path-exists/download/path-exists-4.0.0.tgz#513bdbe2d3b95d7762e8c1137efa195c6c61b5b3"
  integrity sha1-UTvb4tO5XXdi6METfvoZXGxhtbM=

path-is-absolute@^1.0.0:
  version "1.0.1"
  resolved "https://registry.npm.taobao.org/path-is-absolute/download/path-is-absolute-1.0.1.tgz#174b9268735534ffbc7ace6bf53a5a9e1b5c5f5f"
  integrity sha1-F0uSaHNVNP+8es5r9TpanhtcX18=

pend@~1.2.0:
  version "1.2.0"
  resolved "https://registry.nlark.com/pend/download/pend-1.2.0.tgz#7a57eb550a6783f9115331fcf4663d5c8e007a50"
  integrity sha1-elfrVQpng/kRUzH89GY9XI4AelA=

pkg-dir@4.2.0:
  version "4.2.0"
  resolved "https://registry.npmmirror.com/pkg-dir/download/pkg-dir-4.2.0.tgz#f099133df7ede422e81d1d8448270eeb3e4261f3"
  integrity sha1-8JkTPfft5CLoHR2ESCcO6z5CYfM=
  dependencies:
    find-up "^4.0.0"

progress@2.0.1:
  version "2.0.1"
  resolved "https://registry.nlark.com/progress/download/progress-2.0.1.tgz#c9242169342b1c29d275889c95734621b1952e31"
  integrity sha1-ySQhaTQrHCnSdYiclXNGIbGVLjE=

proxy-from-env@1.1.0:
  version "1.1.0"
  resolved "https://registry.nlark.com/proxy-from-env/download/proxy-from-env-1.1.0.tgz#e102f16ca355424865755d2c9e8ea4f24d58c3e2"
  integrity sha1-4QLxbKNVQkhldV0sno6k8k1Yw+I=

pump@^3.0.0:
  version "3.0.0"
  resolved "https://registry.nlark.com/pump/download/pump-3.0.0.tgz#b4a2116815bde2f4e1ea602354e8c75565107a64"
  integrity sha1-tKIRaBW94vTh6mAjVOjHVWUQemQ=
  dependencies:
    end-of-stream "^1.1.0"
    once "^1.3.1"

puppeteer-core@^10.4.0:
  version "10.4.0"
  resolved "https://registry.nlark.com/puppeteer-core/download/puppeteer-core-10.4.0.tgz?cache=0&sync_timestamp=1632238889728&other_urls=https%3A%2F%2Fregistry.nlark.com%2Fpuppeteer-core%2Fdownload%2Fpuppeteer-core-10.4.0.tgz#4e2da57c52339b8c07cd9362922020eb3c3c95bf"
  integrity sha1-Ti2lfFIzm4wHzZNikiAg6zw8lb8=
  dependencies:
    debug "4.3.1"
    devtools-protocol "0.0.901419"
    extract-zip "2.0.1"
    https-proxy-agent "5.0.0"
    node-fetch "2.6.1"
    pkg-dir "4.2.0"
    progress "2.0.1"
    proxy-from-env "1.1.0"
    rimraf "3.0.2"
    tar-fs "2.0.0"
    unbzip2-stream "1.3.3"
    ws "7.4.6"

puppeteer-extra-plugin-stealth@^2.8.1:
  version "2.8.1"
  resolved "https://registry.npmmirror.com/puppeteer-extra-plugin-stealth/download/puppeteer-extra-plugin-stealth-2.8.1.tgz#14c5a2c760cea207632e4f29ccccdfb668553cba"
  integrity sha1-FMWix2DOogdjLk8pzMzftmhVPLo=
  dependencies:
    debug "^4.1.1"
    puppeteer-extra-plugin "^3.2.0"
    puppeteer-extra-plugin-user-preferences "^2.3.1"

puppeteer-extra-plugin-user-data-dir@^2.3.1:
  version "2.3.1"
  resolved "https://registry.npmmirror.com/puppeteer-extra-plugin-user-data-dir/download/puppeteer-extra-plugin-user-data-dir-2.3.1.tgz#1a8777b6383cf212de361497e94616ab29712a38"
  integrity sha1-God3tjg88hLeNhSX6UYWqylxKjg=
  dependencies:
    debug "^4.1.1"
    fs-extra "^10.0.0"
    puppeteer-extra-plugin "^3.2.0"

puppeteer-extra-plugin-user-preferences@^2.3.1:
  version "2.3.1"
  resolved "https://registry.npmmirror.com/puppeteer-extra-plugin-user-preferences/download/puppeteer-extra-plugin-user-preferences-2.3.1.tgz#20faacd9e4cc00a52e8261604309e897aa569fa5"
  integrity sha1-IPqs2eTMAKUugmFgQwnol6pWn6U=
  dependencies:
    debug "^4.1.1"
    deepmerge "^4.2.2"
    puppeteer-extra-plugin "^3.2.0"
    puppeteer-extra-plugin-user-data-dir "^2.3.1"

puppeteer-extra-plugin@^3.2.0:
  version "3.2.0"
  resolved "https://registry.nlark.com/puppeteer-extra-plugin/download/puppeteer-extra-plugin-3.2.0.tgz#f964e2a714d0f9c7a00b557c780ac28c6affd5e9"
  integrity sha1-+WTipxTQ+cegC1V8eArCjGr/1ek=
  dependencies:
    "@types/debug" "^4.1.0"
    debug "^4.1.1"
    merge-deep "^3.0.1"

puppeteer-extra@^3.2.3:
  version "3.2.3"
  resolved "https://registry.npmmirror.com/puppeteer-extra/download/puppeteer-extra-3.2.3.tgz#1b24ae12ab7c7660f81922c1065beb5887cc189e"
  integrity sha1-GySuEqt8dmD4GSLBBlvrWIfMGJ4=
  dependencies:
    "@types/debug" "^4.1.0"
    "@types/puppeteer" "*"
    debug "^4.1.1"
    deepmerge "^4.2.2"

readable-stream@^3.1.1, readable-stream@^3.4.0:
  version "3.6.0"
  resolved "https://registry.nlark.com/readable-stream/download/readable-stream-3.6.0.tgz#337bbda3adc0706bd3e024426a286d4b4b2c9198"
  integrity sha1-M3u9o63AcGvT4CRCaihtS0sskZg=
  dependencies:
    inherits "^2.0.3"
    string_decoder "^1.1.1"
    util-deprecate "^1.0.1"

rimraf@3.0.2:
  version "3.0.2"
  resolved "https://registry.npm.taobao.org/rimraf/download/rimraf-3.0.2.tgz#f1a5402ba6220ad52cc1282bac1ae3aa49fd061a"
  integrity sha1-8aVAK6YiCtUswSgrrBrjqkn9Bho=
  dependencies:
    glob "^7.1.3"

safe-buffer@~5.2.0:
  version "5.2.1"
  resolved "https://registry.nlark.com/safe-buffer/download/safe-buffer-5.2.1.tgz#1eaf9fa9bdb1fdd4ec75f58f9cdb4e6b7827eec6"
  integrity sha1-Hq+fqb2x/dTsdfWPnNtOa3gn7sY=

shallow-clone@^0.1.2:
  version "0.1.2"
  resolved "https://registry.nlark.com/shallow-clone/download/shallow-clone-0.1.2.tgz#5909e874ba77106d73ac414cfec1ffca87d97060"
  integrity sha1-WQnodLp3EG1zrEFM/sH/yofZcGA=
  dependencies:
    is-extendable "^0.1.1"
    kind-of "^2.0.1"
    lazy-cache "^0.2.3"
    mixin-object "^2.0.1"

string_decoder@^1.1.1:
  version "1.3.0"
  resolved "https://registry.nlark.com/string_decoder/download/string_decoder-1.3.0.tgz#42f114594a46cf1a8e30b0a84f56c78c3edac21e"
  integrity sha1-QvEUWUpGzxqOMLCoT1bHjD7awh4=
  dependencies:
    safe-buffer "~5.2.0"

tar-fs@2.0.0:
  version "2.0.0"
  resolved "https://registry.nlark.com/tar-fs/download/tar-fs-2.0.0.tgz#677700fc0c8b337a78bee3623fdc235f21d7afad"
  integrity sha1-Z3cA/AyLM3p4vuNiP9wjXyHXr60=
  dependencies:
    chownr "^1.1.1"
    mkdirp "^0.5.1"
    pump "^3.0.0"
    tar-stream "^2.0.0"

tar-stream@^2.0.0:
  version "2.2.0"
  resolved "https://registry.npm.taobao.org/tar-stream/download/tar-stream-2.2.0.tgz#acad84c284136b060dc3faa64474aa9aebd77287"
  integrity sha1-rK2EwoQTawYNw/qmRHSqmuvXcoc=
  dependencies:
    bl "^4.0.3"
    end-of-stream "^1.4.1"
    fs-constants "^1.0.0"
    inherits "^2.0.3"
    readable-stream "^3.1.1"

through@^2.3.8:
  version "2.3.8"
  resolved "https://registry.nlark.com/through/download/through-2.3.8.tgz?cache=0&sync_timestamp=1618847037651&other_urls=https%3A%2F%2Fregistry.nlark.com%2Fthrough%2Fdownload%2Fthrough-2.3.8.tgz#0dd4c9ffaabc357960b1b724115d7e0e86a2e1f5"
  integrity sha1-DdTJ/6q8NXlgsbckEV1+Doai4fU=

unbzip2-stream@1.3.3:
  version "1.3.3"
  resolved "https://registry.nlark.com/unbzip2-stream/download/unbzip2-stream-1.3.3.tgz#d156d205e670d8d8c393e1c02ebd506422873f6a"
  integrity sha1-0VbSBeZw2NjDk+HALr1QZCKHP2o=
  dependencies:
    buffer "^5.2.1"
    through "^2.3.8"

universalify@^2.0.0:
  version "2.0.0"
  resolved "https://registry.npm.taobao.org/universalify/download/universalify-2.0.0.tgz#75a4984efedc4b08975c5aeb73f530d02df25717"
  integrity sha1-daSYTv7cSwiXXFrrc/Uw0C3yVxc=

util-deprecate@^1.0.1:
  version "1.0.2"
  resolved "https://registry.npm.taobao.org/util-deprecate/download/util-deprecate-1.0.2.tgz#450d4dc9fa70de732762fbd2d4a28981419a0ccf"
  integrity sha1-RQ1Nyfpw3nMnYvvS1KKJgUGaDM8=

wrappy@1:
  version "1.0.2"
  resolved "https://registry.nlark.com/wrappy/download/wrappy-1.0.2.tgz?cache=0&sync_timestamp=1619133505879&other_urls=https%3A%2F%2Fregistry.nlark.com%2Fwrappy%2Fdownload%2Fwrappy-1.0.2.tgz#b5243d8f3ec1aa35f1364605bc0d1036e30ab69f"
  integrity sha1-tSQ9jz7BqjXxNkYFvA0QNuMKtp8=

ws@7.4.6:
  version "7.4.6"
  resolved "https://registry.npmmirror.com/ws/download/ws-7.4.6.tgz?cache=0&sync_timestamp=1633200113162&other_urls=https%3A%2F%2Fregistry.npmmirror.com%2Fws%2Fdownload%2Fws-7.4.6.tgz#5654ca8ecdeee47c33a9a4bf6d28e2be2980377c"
  integrity sha1-VlTKjs3u5HwzqaS/bSjivimAN3w=

yauzl@^2.10.0:
  version "2.10.0"
  resolved "https://registry.nlark.com/yauzl/download/yauzl-2.10.0.tgz#c7eb17c93e112cb1086fa6d8e51fb0667b79a5f9"
  integrity sha1-x+sXyT4RLLEIb6bY5R+wZnt5pfk=
  dependencies:
    buffer-crc32 "~0.2.3"
    fd-slicer "~1.1.0"
